
Microsoft Visual Studio Solution File, Format Version 12.00
# Visual Studio 14
VisualStudioVersion = 14.0.24720.0
MinimumVisualStudioVersion = 10.0.40219.1
Project("{E24C65DC-7377-472B-9ABA-BC803B73C61A}") = "Proje(1)", "Proje\", "{7C6FCE6D-3C36-4DF2-AB4A-D3F739FFE6BA}"
	ProjectSection(WebsiteProperties) = preProject
		TargetFrameworkMoniker = ".NETFramework,Version%3Dv4.5.2"
		Debug.AspNetCompiler.VirtualPath = "/localhost_13781"
		Debug.AspNetCompiler.PhysicalPath = "Proje\"
		Debug.AspNetCompiler.TargetPath = "PrecompiledWeb\localhost_13781\"
		Debug.AspNetCompiler.Updateable = "true"
		Debug.AspNetCompiler.ForceOverwrite = "true"
		Debug.AspNetCompiler.FixedNames = "false"
		Debug.AspNetCompiler.Debug = "True"
		Release.AspNetCompiler.VirtualPath = "/localhost_13781"
		Release.AspNetCompiler.PhysicalPath = "Proje\"
		Release.AspNetCompiler.TargetPath = "PrecompiledWeb\localhost_13781\"
		Release.AspNetCompiler.Updateable = "true"
		Release.AspNetCompiler.ForceOverwrite = "true"
		Release.AspNetCompiler.FixedNames = "false"
		Release.AspNetCompiler.Debug = "False"
		VWDPort = "13781"
		SlnRelativePath = "Proje\"
	EndProjectSection
EndProject
Global
	GlobalSection(SolutionConfigurationPlatforms) = preSolution
		Debug|Any CPU = Debug|Any CPU
	EndGlobalSection
	GlobalSection(ProjectConfigurationPlatforms) = postSolution
		{7C6FCE6D-3C36-4DF2-AB4A-D3F739FFE6BA}.Debug|Any CPU.ActiveCfg = Debug|Any CPU
		{7C6FCE6D-3C36-4DF2-AB4A-D3F739FFE6BA}.Debug|Any CPU.Build.0 = Debug|Any CPU
	EndGlobalSection
	GlobalSection(SolutionProperties) = preSolution
		HideSolutionNode = FALSE
	EndGlobalSection
EndGlobal
